// !$*UTF8*$!
{
	archiveVersion = 1;
	classes = {
	};
	objectVersion = 46;
	objects = {

/* Begin PBXBuildFile section */
		56269CF01B7032A9004A2266 /* DisplayMemeViewController.swift in Sources */ = {isa = PBXBuildFile; fileRef = 56269CEF1B7032A9004A2266 /* DisplayMemeViewController.swift */; };
		566A94A11B5F5C4800EF790F /* AppDelegate.swift in Sources */ = {isa = PBXBuildFile; fileRef = 566A94A01B5F5C4800EF790F /* AppDelegate.swift */; };
		566A94A31B5F5C4800EF790F /* ViewController.swift in Sources */ = {isa = PBXBuildFile; fileRef = 566A94A21B5F5C4800EF790F /* ViewController.swift */; };
		566A94A61B5F5C4800EF790F /* Main.storyboard in Resources */ = {isa = PBXBuildFile; fileRef = 566A94A41B5F5C4800EF790F /* Main.storyboard */; };
		566A94A81B5F5C4800EF790F /* Images.xcassets in Resources */ = {isa = PBXBuildFile; fileRef = 566A94A71B5F5C4800EF790F /* Images.xcassets */; };
		566A94AB1B5F5C4800EF790F /* LaunchScreen.xib in Resources */ = {isa = PBXBuildFile; fileRef = 566A94A91B5F5C4800EF790F /* LaunchScreen.xib */; };
		566A94B71B5F5C4800EF790F /* MemeMeTests.swift in Sources */ = {isa = PBXBuildFile; fileRef = 566A94B61B5F5C4800EF790F /* MemeMeTests.swift */; };
		566A94C11B5F725600EF790F /* Meme.swift in Sources */ = {isa = PBXBuildFile; fileRef = 566A94C01B5F725600EF790F /* Meme.swift */; };
		569EFDB41B68629500E44260 /* MemeCollectionViewCell.swift in Sources */ = {isa = PBXBuildFile; fileRef = 569EFDB31B68629500E44260 /* MemeCollectionViewCell.swift */; };
		56E07EA91B68077800F94DAC /* MemeTableViewCell.swift in Sources */ = {isa = PBXBuildFile; fileRef = 56E07EA81B68077800F94DAC /* MemeTableViewCell.swift */; };
		56EE1BA71B67227B00E9122D /* MemeTableViewController.swift in Sources */ = {isa = PBXBuildFile; fileRef = 56EE1BA61B67227B00E9122D /* MemeTableViewController.swift */; };
		56EE1BA91B67228B00E9122D /* MemeCollectionViewController.swift in Sources */ = {isa = PBXBuildFile; fileRef = 56EE1BA81B67228B00E9122D /* MemeCollectionViewController.swift */; };
/* End PBXBuildFile section */

/* Begin PBXContainerItemProxy section */
		566A94B11B5F5C4800EF790F /* PBXContainerItemProxy */ = {
			isa = PBXContainerItemProxy;
			containerPortal = 566A94931B5F5C4800EF790F /* Project object */;
			proxyType = 1;
			remoteGlobalIDString = 566A949A1B5F5C4800EF790F;
			remoteInfo = MemeMe;
		};
/* End PBXContainerItemProxy section */

/* Begin PBXFileReference section */
		56269CEF1B7032A9004A2266 /* DisplayMemeViewController.swift */ = {isa = PBXFileReference; fileEncoding = 4; lastKnownFileType = sourcecode.swift; path = DisplayMemeViewController.swift; sourceTree = "<group>"; };
		566A949B1B5F5C4800EF790F /* MemeMe.app */ = {isa = PBXFileReference; explicitFileType = wrapper.application; includeInIndex = 0; path = MemeMe.app; sourceTree = BUILT_PRODUCTS_DIR; };
		566A949F1B5F5C4800EF790F /* Info.plist */ = {isa = PBXFileReference; lastKnownFileType = text.plist.xml; path = Info.plist; sourceTree = "<group>"; };
		566A94A01B5F5C4800EF790F /* AppDelegate.swift */ = {isa = PBXFileReference; lastKnownFileType = sourcecode.swift; path = AppDelegate.swift; sourceTree = "<group>"; };
		566A94A21B5F5C4800EF790F /* ViewController.swift */ = {isa = PBXFileReference; lastKnownFileType = sourcecode.swift; path = ViewController.swift; sourceTree = "<group>"; };
		566A94A51B5F5C4800EF790F /* Base */ = {isa = PBXFileReference; lastKnownFileType = file.storyboard; name = Base; path = Base.lproj/Main.storyboard; sourceTree = "<group>"; };
		566A94A71B5F5C4800EF790F /* Images.xcassets */ = {isa = PBXFileReference; lastKnownFileType = folder.assetcatalog; path = Images.xcassets; sourceTree = "<group>"; };
		566A94AA1B5F5C4800EF790F /* Base */ = {isa = PBXFileReference; lastKnownFileType = file.xib; name = Base; path = Base.lproj/LaunchScreen.xib; sourceTree = "<group>"; };
		566A94B01B5F5C4800EF790F /* MemeMeTests.xctest */ = {isa = PBXFileReference; explicitFileType = wrapper.cfbundle; includeInIndex = 0; path = MemeMeTests.xctest; sourceTree = BUILT_PRODUCTS_DIR; };
		566A94B51B5F5C4800EF790F /* Info.plist */ = {isa = PBXFileReference; lastKnownFileType = text.plist.xml; path = Info.plist; sourceTree = "<group>"; };
		566A94B61B5F5C4800EF790F /* MemeMeTests.swift */ = {isa = PBXFileReference; lastKnownFileType = sourcecode.swift; path = MemeMeTests.swift; sourceTree = "<group>"; };
		566A94C01B5F725600EF790F /* Meme.swift */ = {isa = PBXFileReference; fileEncoding = 4; lastKnownFileType = sourcecode.swift; path = Meme.swift; sourceTree = "<group>"; };
		569EFDB31B68629500E44260 /* MemeCollectionViewCell.swift */ = {isa = PBXFileReference; fileEncoding = 4; lastKnownFileType = sourcecode.swift; path = MemeCollectionViewCell.swift; sourceTree = "<group>"; };
		56E07EA81B68077800F94DAC /* MemeTableViewCell.swift */ = {isa = PBXFileReference; fileEncoding = 4; lastKnownFileType = sourcecode.swift; path = MemeTableViewCell.swift; sourceTree = "<group>"; };
		56EE1BA61B67227B00E9122D /* MemeTableViewController.swift */ = {isa = PBXFileReference; fileEncoding = 4; lastKnownFileType = sourcecode.swift; path = MemeTableViewController.swift; sourceTree = "<group>"; };
		56EE1BA81B67228B00E9122D /* MemeCollectionViewController.swift */ = {isa = PBXFileReference; fileEncoding = 4; lastKnownFileType = sourcecode.swift; path = MemeCollectionViewController.swift; sourceTree = "<group>"; };
/* End PBXFileReference section */

/* Begin PBXFrameworksBuildPhase section */
		566A94981B5F5C4800EF790F /* Frameworks */ = {
			isa = PBXFrameworksBuildPhase;
			buildActionMask = 2147483647;
			files = (
			);
			runOnlyForDeploymentPostprocessing = 0;
		};
		566A94AD1B5F5C4800EF790F /* Frameworks */ = {
			isa = PBXFrameworksBuildPhase;
			buildActionMask = 2147483647;
			files = (
			);
			runOnlyForDeploymentPostprocessing = 0;
		};
/* End PBXFrameworksBuildPhase section */

/* Begin PBXGroup section */
		566A94921B5F5C4800EF790F = {
			isa = PBXGroup;
			children = (
				566A949D1B5F5C4800EF790F /* MemeMe */,
				566A94B31B5F5C4800EF790F /* MemeMeTests */,
				566A949C1B5F5C4800EF790F /* Products */,
			);
			sourceTree = "<group>";
		};
		566A949C1B5F5C4800EF790F /* Products */ = {
			isa = PBXGroup;
			children = (
				566A949B1B5F5C4800EF790F /* MemeMe.app */,
				566A94B01B5F5C4800EF790F /* MemeMeTests.xctest */,
			);
			name = Products;
			sourceTree = "<group>";
		};
		566A949D1B5F5C4800EF790F /* MemeMe */ = {
			isa = PBXGroup;
			children = (
				566A94A01B5F5C4800EF790F /* AppDelegate.swift */,
				56EE1BA61B67227B00E9122D /* MemeTableViewController.swift */,
				56EE1BA81B67228B00E9122D /* MemeCollectionViewController.swift */,
				566A94A21B5F5C4800EF790F /* ViewController.swift */,
				566A94A41B5F5C4800EF790F /* Main.storyboard */,
				56269CEF1B7032A9004A2266 /* DisplayMemeViewController.swift */,
				566A94C01B5F725600EF790F /* Meme.swift */,
				566A94A71B5F5C4800EF790F /* Images.xcassets */,
				566A94A91B5F5C4800EF790F /* LaunchScreen.xib */,
				566A949E1B5F5C4800EF790F /* Supporting Files */,
				56E07EA81B68077800F94DAC /* MemeTableViewCell.swift */,
				569EFDB31B68629500E44260 /* MemeCollectionViewCell.swift */,
			);
			path = MemeMe;
			sourceTree = "<group>";
		};
		566A949E1B5F5C4800EF790F /* Supporting Files */ = {
			isa = PBXGroup;
			children = (
				566A949F1B5F5C4800EF790F /* Info.plist */,
			);
			name = "Supporting Files";
			sourceTree = "<group>";
		};
		566A94B31B5F5C4800EF790F /* MemeMeTests */ = {
			isa = PBXGroup;
			children = (
				566A94B61B5F5C4800EF790F /* MemeMeTests.swift */,
				566A94B41B5F5C4800EF790F /* Supporting Files */,
			);
			path = MemeMeTests;
			sourceTree = "<group>";
		};
		566A94B41B5F5C4800EF790F /* Supporting Files */ = {
			isa = PBXGroup;
			children = (
				566A94B51B5F5C4800EF790F /* Info.plist */,
			);
			name = "Supporting Files";
			sourceTree = "<group>";
		};
/* End PBXGroup section */

/* Begin PBXNativeTarget section */
		566A949A1B5F5C4800EF790F /* MemeMe */ = {
			isa = PBXNativeTarget;
			buildConfigurationList = 566A94BA1B5F5C4800EF790F /* Build configuration list for PBXNativeTarget "MemeMe" */;
			buildPhases = (
				566A94971B5F5C4800EF790F /* Sources */,
				566A94981B5F5C4800EF790F /* Frameworks */,
				566A94991B5F5C4800EF790F /* Resources */,
			);
			buildRules = (
			);
			dependencies = (
			);
			name = MemeMe;
			productName = MemeMe;
			productReference = 566A949B1B5F5C4800EF790F /* MemeMe.app */;
			productType = "com.apple.product-type.application";
		};
		566A94AF1B5F5C4800EF790F /* MemeMeTests */ = {
			isa = PBXNativeTarget;
			buildConfigurationList = 566A94BD1B5F5C4800EF790F /* Build configuration list for PBXNativeTarget "MemeMeTests" */;
			buildPhases = (
				566A94AC1B5F5C4800EF790F /* Sources */,
				566A94AD1B5F5C4800EF790F /* Frameworks */,
				566A94AE1B5F5C4800EF790F /* Resources */,
			);
			buildRules = (
			);
			dependencies = (
				566A94B21B5F5C4800EF790F /* PBXTargetDependency */,
			);
			name = MemeMeTests;
			productName = MemeMeTests;
			productReference = 566A94B01B5F5C4800EF790F /* MemeMeTests.xctest */;
			productType = "com.apple.product-type.bundle.unit-test";
		};
/* End PBXNativeTarget section */

/* Begin PBXProject section */
		566A94931B5F5C4800EF790F /* Project object */ = {
			isa = PBXProject;
			attributes = {
				LastUpgradeCheck = 0630;
				ORGANIZATIONNAME = "Julia Stefani";
				TargetAttributes = {
					566A949A1B5F5C4800EF790F = {
						CreatedOnToolsVersion = 6.3.1;
					};
					566A94AF1B5F5C4800EF790F = {
						CreatedOnToolsVersion = 6.3.1;
						TestTargetID = 566A949A1B5F5C4800EF790F;
					};
				};
			};
			buildConfigurationList = 566A94961B5F5C4800EF790F /* Build configuration list for PBXProject "MemeMe" */;
			compatibilityVersion = "Xcode 3.2";
			developmentRegion = English;
			hasScannedForEncodings = 0;
			knownRegions = (
				en,
				Base,
			);
			mainGroup = 566A94921B5F5C4800EF790F;
			productRefGroup = 566A949C1B5F5C4800EF790F /* Products */;
			projectDirPath = "";
			projectRoot = "";
			targets = (
				566A949A1B5F5C4800EF790F /* MemeMe */,
				566A94AF1B5F5C4800EF790F /* MemeMeTests */,
			);
		};
/* End PBXProject section */

/* Begin PBXResourcesBuildPhase section */
		566A94991B5F5C4800EF790F /* Resources */ = {
			isa = PBXResourcesBuildPhase;
			buildActionMask = 2147483647;
			files = (
				566A94A61B5F5C4800EF790F /* Main.storyboard in Resources */,
				566A94AB1B5F5C4800EF790F /* LaunchScreen.xib in Resources */,
				566A94A81B5F5C4800EF790F /* Images.xcassets in Resources */,
			);
			runOnlyForDeploymentPostprocessing = 0;
		};
		566A94AE1B5F5C4800EF790F /* Resources */ = {
			isa = PBXResourcesBuildPhase;
			buildActionMask = 2147483647;
			files = (
			);
			runOnlyForDeploymentPostprocessing = 0;
		};
/* End PBXResourcesBuildPhase section */

/* Begin PBXSourcesBuildPhase section */
		566A94971B5F5C4800EF790F /* Sources */ = {
			isa = PBXSourcesBuildPhase;
			buildActionMask = 2147483647;
			files = (
				566A94C11B5F725600EF790F /* Meme.swift in Sources */,
				566A94A31B5F5C4800EF790F /* ViewController.swift in Sources */,
				56EE1BA91B67228B00E9122D /* MemeCollectionViewController.swift in Sources */,
				56269CF01B7032A9004A2266 /* DisplayMemeViewController.swift in Sources */,
				56E07EA91B68077800F94DAC /* MemeTableViewCell.swift in Sources */,
				569EFDB41B68629500E44260 /* MemeCollectionViewCell.swift in Sources */,
				566A94A11B5F5C4800EF790F /* AppDelegate.swift in Sources */,
				56EE1BA71B67227B00E9122D /* MemeTableViewController.swift in Sources */,
			);
			runOnlyForDeploymentPostprocessing = 0;
		};
		566A94AC1B5F5C4800EF790F /* Sources */ = {
			isa = PBXSourcesBuildPhase;
			buildActionMask = 2147483647;
			files = (
				566A94B71B5F5C4800EF790F /* MemeMeTests.swift in Sources */,
			);
			runOnlyForDeploymentPostprocessing = 0;
		};
/* End PBXSourcesBuildPhase section */

/* Begin PBXTargetDependency section */
		566A94B21B5F5C4800EF790F /* PBXTargetDependency */ = {
			isa = PBXTargetDependency;
			target = 566A949A1B5F5C4800EF790F /* MemeMe */;
			targetProxy = 566A94B11B5F5C4800EF790F /* PBXContainerItemProxy */;
		};
/* End PBXTargetDependency section */

/* Begin PBXVariantGroup section */
		566A94A41B5F5C4800EF790F /* Main.storyboard */ = {
			isa = PBXVariantGroup;
			children = (
				566A94A51B5F5C4800EF790F /* Base */,
			);
			name = Main.storyboard;
			sourceTree = "<group>";
		};
		566A94A91B5F5C4800EF790F /* LaunchScreen.xib */ = {
			isa = PBXVariantGroup;
			children = (
				566A94AA1B5F5C4800EF790F /* Base */,
			);
			name = LaunchScreen.xib;
			sourceTree = "<group>";
		};
/* End PBXVariantGroup section */

/* Begin XCBuildConfiguration section */
		566A94B81B5F5C4800EF790F /* Debug */ = {
			isa = XCBuildConfiguration;
			buildSettings = {
				ALWAYS_SEARCH_USER_PATHS = NO;
				CLANG_CXX_LANGUAGE_STANDARD = "gnu++0x";
				CLANG_CXX_LIBRARY = "libc++";
				CLANG_ENABLE_MODULES = YES;
				CLANG_ENABLE_OBJC_ARC = YES;
				CLANG_WARN_BOOL_CONVERSION = YES;
				CLANG_WARN_CONSTANT_CONVERSION = YES;
				CLANG_WARN_DIRECT_OBJC_ISA_USAGE = YES_ERROR;
				CLANG_WARN_EMPTY_BODY = YES;
				CLANG_WARN_ENUM_CONVERSION = YES;
				CLANG_WARN_INT_CONVERSION = YES;
				CLANG_WARN_OBJC_ROOT_CLASS = YES_ERROR;
				CLANG_WARN_UNREACHABLE_CODE = YES;
				CLANG_WARN__DUPLICATE_METHOD_MATCH = YES;
				"CODE_SIGN_IDENTITY[sdk=iphoneos*]" = "iPhone Developer";
				COPY_PHASE_STRIP = NO;
				DEBUG_INFORMATION_FORMAT = "dwarf-with-dsym";
				ENABLE_STRICT_OBJC_MSGSEND = YES;
				GCC_C_LANGUAGE_STANDARD = gnu99;
				GCC_DYNAMIC_NO_PIC = NO;
				GCC_NO_COMMON_BLOCKS = YES;
				GCC_OPTIMIZATION_LEVEL = 0;
				GCC_PREPROCESSOR_DEFINITIONS = (
					"DEBUG=1",
					"$(inherited)",
				);
				GCC_SYMBOLS_PRIVATE_EXTERN = NO;
				GCC_WARN_64_TO_32_BIT_CONVERSION = YES;
				GCC_WARN_ABOUT_RETURN_TYPE = YES_ERROR;
				GCC_WARN_UNDECLARED_SELECTOR = YES;
				GCC_WARN_UNINITIALIZED_AUTOS = YES_AGGRESSIVE;
				GCC_WARN_UNUSED_FUNCTION = YES;
				GCC_WARN_UNUSED_VARIABLE = YES;
				IPHONEOS_DEPLOYMENT_TARGET = 8.3;
				MTL_ENABLE_DEBUG_INFO = YES;
				ONLY_ACTIVE_ARCH = YES;
				SDKROOT = iphoneos;
				SWIFT_OPTIMIZATION_LEVEL = "-Onone";
			};
			name = Debug;
		};
		566A94B91B5F5C4800EF790F /* Release */ = {
			isa = XCBuildConfiguration;
			buildSettings = {
				ALWAYS_SEARCH_USER_PATHS = NO;
				CLANG_CXX_LANGUAGE_STANDARD = "gnu++0x";
				CLANG_CXX_LIBRARY = "libc++";
				CLANG_ENABLE_MODULES = YES;
				CLANG_ENABLE_OBJC_ARC = YES;
				CLANG_WARN_BOOL_CONVERSION = YES;
				CLANG_WARN_CONSTANT_CONVERSION = YES;
				CLANG_WARN_DIRECT_OBJC_ISA_USAGE = YES_ERROR;
				CLANG_WARN_EMPTY_BODY = YES;
				CLANG_WARN_ENUM_CONVERSION = YES;
				CLANG_WARN_INT_CONVERSION = YES;
				CLANG_WARN_OBJC_ROOT_CLASS = YES_ERROR;
				CLANG_WARN_UNREACHABLE_CODE = YES;
				CLANG_WARN__DUPLICATE_METHOD_MATCH = YES;
				"CODE_SIGN_IDENTITY[sdk=iphoneos*]" = "iPhone Developer";
				COPY_PHASE_STRIP = NO;
				DEBUG_INFORMATION_FORMAT = "dwarf-with-dsym";
				ENABLE_NS_ASSERTIONS = NO;
				ENABLE_STRICT_OBJC_MSGSEND = YES;
				GCC_C_LANGUAGE_STANDARD = gnu99;
				GCC_NO_COMMON_BLOCKS = YES;
				GCC_WARN_64_TO_32_BIT_CONVERSION = YES;
				GCC_WARN_ABOUT_RETURN_TYPE = YES_ERROR;
				GCC_WARN_UNDECLARED_SELECTOR = YES;
				GCC_WARN_UNINITIALIZED_AUTOS = YES_AGGRESSIVE;
				GCC_WARN_UNUSED_FUNCTION = YES;
				GCC_WARN_UNUSED_VARIABLE = YES;
				IPHONEOS_DEPLOYMENT_TARGET = 8.3;
				MTL_ENABLE_DEBUG_INFO = NO;
				SDKROOT = iphoneos;
				VALIDATE_PRODUCT = YES;
			};
			name = Release;
		};
		566A94BB1B5F5C4800EF790F /* Debug */ = {
			isa = XCBuildConfiguration;
			buildSettings = {
				ASSETCATALOG_COMPILER_APPICON_NAME = AppIcon;
				INFOPLIST_FILE = MemeMe/Info.plist;
				LD_RUNPATH_SEARCH_PATHS = "$(inherited) @executable_path/Frameworks";
				PRODUCT_NAME = "$(TARGET_NAME)";
			};
			name = Debug;
		};
		566A94BC1B5F5C4800EF790F /* Release */ = {
			isa = XCBuildConfiguration;
			buildSettings = {
				ASSETCATALOG_COMPILER_APPICON_NAME = AppIcon;
				INFOPLIST_FILE = MemeMe/Info.plist;
				LD_RUNPATH_SEARCH_PATHS = "$(inherited) @executable_path/Frameworks";
				PRODUCT_NAME = "$(TARGET_NAME)";
			};
			name = Release;
		};
		566A94BE1B5F5C4800EF790F /* Debug */ = {
			isa = XCBuildConfiguration;
			buildSettings = {
				BUNDLE_LOADER = "$(TEST_HOST)";
				FRAMEWORK_SEARCH_PATHS = (
					"$(SDKROOT)/Developer/Library/Frameworks",
					"$(inherited)",
				);
				GCC_PREPROCESSOR_DEFINITIONS = (
					"DEBUG=1",
					"$(inherited)",
				);
				INFOPLIST_FILE = MemeMeTests/Info.plist;
				LD_RUNPATH_SEARCH_PATHS = "$(inherited) @executable_path/Frameworks @loader_path/Frameworks";
				PRODUCT_NAME = "$(TARGET_NAME)";
				TEST_HOST = "$(BUILT_PRODUCTS_DIR)/MemeMe.app/MemeMe";
			};
			name = Debug;
		};
		566A94BF1B5F5C4800EF790F /* Release */ = {
			isa = XCBuildConfiguration;
			buildSettings = {
				BUNDLE_LOADER = "$(TEST_HOST)";
				FRAMEWORK_SEARCH_PATHS = (
					"$(SDKROOT)/Developer/Library/Frameworks",
					"$(inherited)",
				);
				INFOPLIST_FILE = MemeMeTests/Info.plist;
				LD_RUNPATH_SEARCH_PATHS = "$(inherited) @executable_path/Frameworks @loader_path/Frameworks";
				PRODUCT_NAME = "$(TARGET_NAME)";
				TEST_HOST = "$(BUILT_PRODUCTS_DIR)/MemeMe.app/MemeMe";
			};
			name = Release;
		};
/* End XCBuildConfiguration section */

/* Begin XCConfigurationList section */
		566A94961B5F5C4800EF790F /* Build configuration list for PBXProject "MemeMe" */ = {
			isa = XCConfigurationList;
			buildConfigurations = (
				566A94B81B5F5C4800EF790F /* Debug */,
				566A94B91B5F5C4800EF790F /* Release */,
			);
			defaultConfigurationIsVisible = 0;
			defaultConfigurationName = Release;
		};
		566A94BA1B5F5C4800EF790F /* Build configuration list for PBXNativeTarget "MemeMe" */ = {
			isa = XCConfigurationList;
			buildConfigurations = (
				566A94BB1B5F5C4800EF790F /* Debug */,
				566A94BC1B5F5C4800EF790F /* Release */,
			);
			defaultConfigurationIsVisible = 0;
			defaultConfigurationName = Release;
		};
		566A94BD1B5F5C4800EF790F /* Build configuration list for PBXNativeTarget "MemeMeTests" */ = {
			isa = XCConfigurationList;
			buildConfigurations = (
				566A94BE1B5F5C4800EF790F /* Debug */,
				566A94BF1B5F5C4800EF790F /* Release */,
			);
			defaultConfigurationIsVisible = 0;
			defaultConfigurationName = Release;
		};
/* End XCConfigurationList section */
	};
	rootObject = 566A94931B5F5C4800EF790F /* Project object */;
}
